Microsoft Visual Studio Solution File, Format Version 12.00
# Visual Studio Version 17
VisualStudioVersion = 17.0.31912.275
MinimumVisualStudioVersion = 10.0.40219.1
Project("{2150E333-8FDC-42A3-9474-1A3956D46DE8}") = "01.Comm", "01.Comm", "{8337841D-0885-4439-8A14-52E861E3A052}"
EndProject
Project("{2150E333-8FDC-42A3-9474-1A3956D46DE8}") = "02.Server", "02.Server", "{C7E027A2-DDD4-4139-AEE3-9F8DB0F2478E}"
EndProject
Project("{9A19103F-16F7-4668-BE54-9A1E7A4F7556}") = "Util", "Util\Util.csproj", "{E222F332-5B6B-4E9D-89B4-C277FD964A42}"
EndProject
Project("{9A19103F-16F7-4668-BE54-9A1E7A4F7556}") = "MyDbEntity", "MyDBEntity\MyDbEntity.csproj", "{36F87690-CF8A-4F72-93C9-D6A2D8BF48B4}"
EndProject
Project("{9A19103F-16F7-4668-BE54-9A1E7A4F7556}") = "DTO", "DTO\DTO.csproj", "{197A1E07-209E-4A7C-B0D0-D8B8F16612A8}"
EndProject
Project("{2150E333-8FDC-42A3-9474-1A3956D46DE8}") = "09.Test", "09.Test", "{50236677-EE0C-453D-9DE0-77FB43F94E09}"
EndProject
Project("{2150E333-8FDC-42A3-9474-1A3956D46DE8}") = "01.Data", "01.Data", "{B81BAF14-0335-4F75-8A94-33CA136875FF}"
EndProject
Project("{2150E333-8FDC-42A3-9474-1A3956D46DE8}") = "03.Bll", "03.Bll", "{B111B78F-0336-430C-AECC-3D4BA3067973}"
EndProject
Project("{2150E333-8FDC-42A3-9474-1A3956D46DE8}") = "06.Externaln", "06.Externaln", "{98D96F61-857B-4272-AB61-B392E589F439}"
EndProject
Project("{2150E333-8FDC-42A3-9474-1A3956D46DE8}") = "02.Extend", "02.Extend", "{976B9B83-C030-4211-99A2-0B5C4AD7920D}"
EndProject
Project("{9A19103F-16F7-4668-BE54-9A1E7A4F7556}") = "MyDBExtend", "MyDBExtend\MyDBExtend.csproj", "{7AD59234-6904-42C3-8C35-7E19B663E455}"
EndProject
Project("{9A19103F-16F7-4668-BE54-9A1E7A4F7556}") = "BasicLibrary", "BasicLibrary\BasicLibrary.csproj", "{C0E4922E-C3E2-4DDD-834D-C04DDD3A1725}"
EndProject
Project("{9A19103F-16F7-4668-BE54-9A1E7A4F7556}") = "Cache", "Cache\Cache.csproj", "{2A886CB9-F4D9-4C01-80F0-30351A0CA93B}"
EndProject
Project("{2150E333-8FDC-42A3-9474-1A3956D46DE8}") = "04.Interface", "04.Interface", "{0343C724-A68A-4984-AB83-34E701CB7333}"
EndProject
Project("{9A19103F-16F7-4668-BE54-9A1E7A4F7556}") = "AuthServer", "AuthServer\AuthServer.csproj", "{2671D210-F6D4-4261-BE0B-8E94B05D337C}"
EndProject
Project("{FAE04EC0-301F-11D3-BF4B-00C04F79EFBC}") = "ApiServer", "ApiServer\ApiServer.csproj", "{01784B15-F43B-49C9-A5B7-FFBC9DBA32E1}"
EndProject
Global
	GlobalSection(SolutionConfigurationPlatforms) = preSolution
		Debug|Any CPU = Debug|Any CPU
		Debug|x86 = Debug|x86
		Release|Any CPU = Release|Any CPU
		Release|x86 = Release|x86
	EndGlobalSection
	GlobalSection(ProjectConfigurationPlatforms) = postSolution
		{E222F332-5B6B-4E9D-89B4-C277FD964A42}.Debug|Any CPU.ActiveCfg = Debug|Any CPU
		{E222F332-5B6B-4E9D-89B4-C277FD964A42}.Debug|Any CPU.Build.0 = Debug|Any CPU
		{E222F332-5B6B-4E9D-89B4-C277FD964A42}.Debug|x86.ActiveCfg = Debug|Any CPU
		{E222F332-5B6B-4E9D-89B4-C277FD964A42}.Debug|x86.Build.0 = Debug|Any CPU
		{E222F332-5B6B-4E9D-89B4-C277FD964A42}.Release|Any CPU.ActiveCfg = Release|Any CPU
		{E222F332-5B6B-4E9D-89B4-C277FD964A42}.Release|Any CPU.Build.0 = Release|Any CPU
		{E222F332-5B6B-4E9D-89B4-C277FD964A42}.Release|x86.ActiveCfg = Release|Any CPU
		{E222F332-5B6B-4E9D-89B4-C277FD964A42}.Release|x86.Build.0 = Release|Any CPU
		{36F87690-CF8A-4F72-93C9-D6A2D8BF48B4}.Debug|Any CPU.ActiveCfg = Debug|Any CPU
		{36F87690-CF8A-4F72-93C9-D6A2D8BF48B4}.Debug|Any CPU.Build.0 = Debug|Any CPU
		{36F87690-CF8A-4F72-93C9-D6A2D8BF48B4}.Debug|x86.ActiveCfg = Debug|Any CPU
		{36F87690-CF8A-4F72-93C9-D6A2D8BF48B4}.Debug|x86.Build.0 = Debug|Any CPU
		{36F87690-CF8A-4F72-93C9-D6A2D8BF48B4}.Release|Any CPU.ActiveCfg = Release|Any CPU
		{36F87690-CF8A-4F72-93C9-D6A2D8BF48B4}.Release|Any CPU.Build.0 = Release|Any CPU
		{36F87690-CF8A-4F72-93C9-D6A2D8BF48B4}.Release|x86.ActiveCfg = Release|Any CPU
		{36F87690-CF8A-4F72-93C9-D6A2D8BF48B4}.Release|x86.Build.0 = Release|Any CPU
		{197A1E07-209E-4A7C-B0D0-D8B8F16612A8}.Debug|Any CPU.ActiveCfg = Debug|Any CPU
		{197A1E07-209E-4A7C-B0D0-D8B8F16612A8}.Debug|Any CPU.Build.0 = Debug|Any CPU
		{197A1E07-209E-4A7C-B0D0-D8B8F16612A8}.Debug|x86.ActiveCfg = Debug|Any CPU
		{197A1E07-209E-4A7C-B0D0-D8B8F16612A8}.Debug|x86.Build.0 = Debug|Any CPU
		{197A1E07-209E-4A7C-B0D0-D8B8F16612A8}.Release|Any CPU.ActiveCfg = Release|Any CPU
		{197A1E07-209E-4A7C-B0D0-D8B8F16612A8}.Release|Any CPU.Build.0 = Release|Any CPU
		{197A1E07-209E-4A7C-B0D0-D8B8F16612A8}.Release|x86.ActiveCfg = Release|Any CPU
		{197A1E07-209E-4A7C-B0D0-D8B8F16612A8}.Release|x86.Build.0 = Release|Any CPU
		{7AD59234-6904-42C3-8C35-7E19B663E455}.Debug|Any CPU.ActiveCfg = Debug|Any CPU
		{7AD59234-6904-42C3-8C35-7E19B663E455}.Debug|Any CPU.Build.0 = Debug|Any CPU
		{7AD59234-6904-42C3-8C35-7E19B663E455}.Debug|x86.ActiveCfg = Debug|Any CPU
		{7AD59234-6904-42C3-8C35-7E19B663E455}.Debug|x86.Build.0 = Debug|Any CPU
		{7AD59234-6904-42C3-8C35-7E19B663E455}.Release|Any CPU.ActiveCfg = Release|Any CPU
		{7AD59234-6904-42C3-8C35-7E19B663E455}.Release|Any CPU.Build.0 = Release|Any CPU
		{7AD59234-6904-42C3-8C35-7E19B663E455}.Release|x86.ActiveCfg = Release|Any CPU
		{7AD59234-6904-42C3-8C35-7E19B663E455}.Release|x86.Build.0 = Release|Any CPU
		{C0E4922E-C3E2-4DDD-834D-C04DDD3A1725}.Debug|Any CPU.ActiveCfg = Debug|Any CPU
		{C0E4922E-C3E2-4DDD-834D-C04DDD3A1725}.Debug|Any CPU.Build.0 = Debug|Any CPU
		{C0E4922E-C3E2-4DDD-834D-C04DDD3A1725}.Debug|x86.ActiveCfg = Debug|Any CPU
		{C0E4922E-C3E2-4DDD-834D-C04DDD3A1725}.Debug|x86.Build.0 = Debug|Any CPU
		{C0E4922E-C3E2-4DDD-834D-C04DDD3A1725}.Release|Any CPU.ActiveCfg = Release|Any CPU
		{C0E4922E-C3E2-4DDD-834D-C04DDD3A1725}.Release|Any CPU.Build.0 = Release|Any CPU
		{C0E4922E-C3E2-4DDD-834D-C04DDD3A1725}.Release|x86.ActiveCfg = Release|Any CPU
		{C0E4922E-C3E2-4DDD-834D-C04DDD3A1725}.Release|x86.Build.0 = Release|Any CPU
		{2A886CB9-F4D9-4C01-80F0-30351A0CA93B}.Debug|Any CPU.ActiveCfg = Debug|Any CPU
		{2A886CB9-F4D9-4C01-80F0-30351A0CA93B}.Debug|Any CPU.Build.0 = Debug|Any CPU
		{2A886CB9-F4D9-4C01-80F0-30351A0CA93B}.Debug|x86.ActiveCfg = Debug|Any CPU
		{2A886CB9-F4D9-4C01-80F0-30351A0CA93B}.Debug|x86.Build.0 = Debug|Any CPU
		{2A886CB9-F4D9-4C01-80F0-30351A0CA93B}.Release|Any CPU.ActiveCfg = Release|Any CPU
		{2A886CB9-F4D9-4C01-80F0-30351A0CA93B}.Release|Any CPU.Build.0 = Release|Any CPU
		{2A886CB9-F4D9-4C01-80F0-30351A0CA93B}.Release|x86.ActiveCfg = Release|Any CPU
		{2A886CB9-F4D9-4C01-80F0-30351A0CA93B}.Release|x86.Build.0 = Release|Any CPU
		{2671D210-F6D4-4261-BE0B-8E94B05D337C}.Debug|Any CPU.ActiveCfg = Debug|Any CPU
		{2671D210-F6D4-4261-BE0B-8E94B05D337C}.Debug|Any CPU.Build.0 = Debug|Any CPU
		{2671D210-F6D4-4261-BE0B-8E94B05D337C}.Debug|x86.ActiveCfg = Debug|Any CPU
		{2671D210-F6D4-4261-BE0B-8E94B05D337C}.Debug|x86.Build.0 = Debug|Any CPU
		{2671D210-F6D4-4261-BE0B-8E94B05D337C}.Release|Any CPU.ActiveCfg = Release|Any CPU
		{2671D210-F6D4-4261-BE0B-8E94B05D337C}.Release|Any CPU.Build.0 = Release|Any CPU
		{2671D210-F6D4-4261-BE0B-8E94B05D337C}.Release|x86.ActiveCfg = Release|Any CPU
		{2671D210-F6D4-4261-BE0B-8E94B05D337C}.Release|x86.Build.0 = Release|Any CPU
		{01784B15-F43B-49C9-A5B7-FFBC9DBA32E1}.Debug|Any CPU.ActiveCfg = Debug|Any CPU
		{01784B15-F43B-49C9-A5B7-FFBC9DBA32E1}.Debug|Any CPU.Build.0 = Debug|Any CPU
		{01784B15-F43B-49C9-A5B7-FFBC9DBA32E1}.Debug|x86.ActiveCfg = Debug|Any CPU
		{01784B15-F43B-49C9-A5B7-FFBC9DBA32E1}.Debug|x86.Build.0 = Debug|Any CPU
		{01784B15-F43B-49C9-A5B7-FFBC9DBA32E1}.Release|Any CPU.ActiveCfg = Release|Any CPU
		{01784B15-F43B-49C9-A5B7-FFBC9DBA32E1}.Release|Any CPU.Build.0 = Release|Any CPU
		{01784B15-F43B-49C9-A5B7-FFBC9DBA32E1}.Release|x86.ActiveCfg = Release|Any CPU
		{01784B15-F43B-49C9-A5B7-FFBC9DBA32E1}.Release|x86.Build.0 = Release|Any CPU
	EndGlobalSection
	GlobalSection(SolutionProperties) = preSolution
		HideSolutionNode = FALSE
	EndGlobalSection
	GlobalSection(NestedProjects) = preSolution
		{E222F332-5B6B-4E9D-89B4-C277FD964A42} = {8337841D-0885-4439-8A14-52E861E3A052}
		{36F87690-CF8A-4F72-93C9-D6A2D8BF48B4} = {B81BAF14-0335-4F75-8A94-33CA136875FF}
		{197A1E07-209E-4A7C-B0D0-D8B8F16612A8} = {8337841D-0885-4439-8A14-52E861E3A052}
		{B81BAF14-0335-4F75-8A94-33CA136875FF} = {C7E027A2-DDD4-4139-AEE3-9F8DB0F2478E}
		{B111B78F-0336-430C-AECC-3D4BA3067973} = {C7E027A2-DDD4-4139-AEE3-9F8DB0F2478E}
		{98D96F61-857B-4272-AB61-B392E589F439} = {C7E027A2-DDD4-4139-AEE3-9F8DB0F2478E}
		{976B9B83-C030-4211-99A2-0B5C4AD7920D} = {C7E027A2-DDD4-4139-AEE3-9F8DB0F2478E}
		{7AD59234-6904-42C3-8C35-7E19B663E455} = {976B9B83-C030-4211-99A2-0B5C4AD7920D}
		{C0E4922E-C3E2-4DDD-834D-C04DDD3A1725} = {B111B78F-0336-430C-AECC-3D4BA3067973}
		{2A886CB9-F4D9-4C01-80F0-30351A0CA93B} = {B111B78F-0336-430C-AECC-3D4BA3067973}
		{0343C724-A68A-4984-AB83-34E701CB7333} = {C7E027A2-DDD4-4139-AEE3-9F8DB0F2478E}
		{2671D210-F6D4-4261-BE0B-8E94B05D337C} = {B111B78F-0336-430C-AECC-3D4BA3067973}
		{01784B15-F43B-49C9-A5B7-FFBC9DBA32E1} = {98D96F61-857B-4272-AB61-B392E589F439}
	EndGlobalSection
	GlobalSection(ExtensibilityGlobals) = postSolution
		SolutionGuid = {1D77E35C-EDD2-445B-A3A7-6B867D8C2198}
	EndGlobalSection
EndGlobal
